
Microsoft Visual Studio Solution File, Format Version 12.00
# Visual Studio Version 17
VisualStudioVersion = 17.5.33424.131
MinimumVisualStudioVersion = 10.0.40219.1
Project("{FAE04EC0-301F-11D3-BF4B-00C04F79EFBC}") = "LinqColection", "LinqColection\LinqColection.csproj", "{FDBF977D-3155-49F0-814D-4D91EDD6EF5A}"
EndProject
Global
	GlobalSection(SolutionConfigurationPlatforms) = preSolution
		Debug|Any CPU = Debug|Any CPU
		Release|Any CPU = Release|Any CPU
	EndGlobalSection
	GlobalSection(ProjectConfigurationPlatforms) = postSolution
		{FDBF977D-3155-49F0-814D-4D91EDD6EF5A}.Debug|Any CPU.ActiveCfg = Debug|Any CPU
		{FDBF977D-3155-49F0-814D-4D91EDD6EF5A}.Debug|Any CPU.Build.0 = Debug|Any CPU
		{FDBF977D-3155-49F0-814D-4D91EDD6EF5A}.Release|Any CPU.ActiveCfg = Release|Any CPU
		{FDBF977D-3155-49F0-814D-4D91EDD6EF5A}.Release|Any CPU.Build.0 = Release|Any CPU
	EndGlobalSection
	GlobalSection(SolutionProperties) = preSolution
		HideSolutionNode = FALSE
	EndGlobalSection
	GlobalSection(ExtensibilityGlobals) = postSolution
		SolutionGuid = {B4F52534-AEB5-4695-9F74-C5C94A91D12F}
	EndGlobalSection
EndGlobal
